
Microsoft Visual Studio Solution File, Format Version 12.00
# Visual Studio Version 17
VisualStudioVersion = 17.0.32014.148
MinimumVisualStudioVersion = 10.0.40219.1
Project("{9A19103F-16F7-4668-BE54-9A1E7A4F7556}") = "HelloWorld", "HelloWorld\HelloWorld.csproj", "{AED56706-0175-4656-8134-3B56B60AA4C2}"
EndProject
Global
	GlobalSection(SolutionConfigurationPlatforms) = preSolution
		Debug|Any CPU = Debug|Any CPU
		Release|Any CPU = Release|Any CPU
	EndGlobalSection
	GlobalSection(ProjectConfigurationPlatforms) = postSolution
		{AED56706-0175-4656-8134-3B56B60AA4C2}.Debug|Any CPU.ActiveCfg = Debug|Any CPU
		{AED56706-0175-4656-8134-3B56B60AA4C2}.Debug|Any CPU.Build.0 = Debug|Any CPU
		{AED56706-0175-4656-8134-3B56B60AA4C2}.Release|Any CPU.ActiveCfg = Release|Any CPU
		{AED56706-0175-4656-8134-3B56B60AA4C2}.Release|Any CPU.Build.0 = Release|Any CPU
	EndGlobalSection
	GlobalSection(SolutionProperties) = preSolution
		HideSolutionNode = FALSE
	EndGlobalSection
	GlobalSection(ExtensibilityGlobals) = postSolution
		SolutionGuid = {0B4EBBBD-A321-4115-A71C-1E51B5DB4D60}
	EndGlobalSection
EndGlobal
